# Code generated by scarb DO NOT EDIT.
version = 1

[[package]]
name = "alexandria_ascii"
version = "0.9.0"
dependencies = [
 "alexandria_data_structures",
 "snforge_std",
]

[[package]]
name = "alexandria_btc"
version = "0.9.0"
dependencies = [
 "alexandria_bytes",
 "alexandria_data_structures",
 "alexandria_encoding",
 "alexandria_math",
 "snforge_std",
]

[[package]]
name = "alexandria_bytes"
version = "0.9.0"
dependencies = [
 "alexandria_data_structures",
 "alexandria_math",
 "snforge_std",
]

[[package]]
name = "alexandria_data_structures"
version = "0.9.0"
dependencies = [
 "snforge_std",
]

[[package]]
name = "alexandria_encoding"
version = "0.9.0"
dependencies = [
 "alexandria_bytes",
 "alexandria_data_structures",
 "alexandria_math",
 "alexandria_numeric",
 "snforge_std",
]

[[package]]
name = "alexandria_evm"
version = "0.9.0"
dependencies = [
 "alexandria_bytes",
 "alexandria_math",
 "snforge_std",
]

[[package]]
name = "alexandria_json"
version = "0.9.0"
dependencies = [
 "alexandria_macros",
 "alexandria_math",
 "snforge_std",
]

[[package]]
name = "alexandria_linalg"
version = "0.9.0"
dependencies = [
 "alexandria_math",
 "snforge_std",
]

[[package]]
name = "alexandria_macros"
version = "0.9.0"

[[package]]
name = "alexandria_math"
version = "0.9.0"
dependencies = [
 "snforge_std",
]

[[package]]
name = "alexandria_merkle_tree"
version = "0.9.0"
dependencies = [
 "alexandria_math",
 "snforge_std",
]

[[package]]
name = "alexandria_numeric"
version = "0.9.0"
dependencies = [
 "alexandria_math",
 "alexandria_searching",
 "snforge_std",
]

[[package]]
name = "alexandria_searching"
version = "0.9.0"
dependencies = [
 "alexandria_data_structures",
 "snforge_std",
]

[[package]]
name = "alexandria_sorting"
version = "0.9.0"
dependencies = [
 "alexandria_data_structures",
 "snforge_std",
]

[[package]]
name = "alexandria_storage"
version = "0.9.0"
dependencies = [
 "snforge_std",
]

[[package]]
name = "alexandria_utils"
version = "0.9.0"
dependencies = [
 "snforge_std",
]

[[package]]
name = "macros_tests"
version = "0.1.0"
dependencies = [
 "alexandria_macros",
 "alexandria_math",
 "snforge_std",
]

[[package]]
name = "snforge_scarb_plugin"
version = "0.54.0"
source = "registry+https://scarbs.xyz/"
checksum = "sha256:78b76cec49430930468c35b91105be521b2e571b88a3407f91f0c00b3f9d3b44"

[[package]]
name = "snforge_std"
version = "0.54.0"
source = "registry+https://scarbs.xyz/"
checksum = "sha256:5eae9444e31efdb72431bda696c2cf4ea98ee1475796ba8a3eb50c7279838d7f"
dependencies = [
 "snforge_scarb_plugin",
]
