# Code generated by scarb DO NOT EDIT.
version = 1

[[package]]
name = "alexandria_ascii"
version = "0.8.0"
dependencies = [
 "alexandria_data_structures",
 "snforge_std",
]

[[package]]
name = "alexandria_btc"
version = "0.8.0"
dependencies = [
 "alexandria_bytes",
 "alexandria_data_structures",
 "alexandria_encoding",
 "alexandria_math",
 "snforge_std",
]

[[package]]
name = "alexandria_bytes"
version = "0.8.0"
dependencies = [
 "alexandria_data_structures",
 "alexandria_math",
 "snforge_std",
]

[[package]]
name = "alexandria_data_structures"
version = "0.8.0"
dependencies = [
 "snforge_std",
]

[[package]]
name = "alexandria_encoding"
version = "0.8.0"
dependencies = [
 "alexandria_bytes",
 "alexandria_data_structures",
 "alexandria_math",
 "alexandria_numeric",
 "snforge_std",
]

[[package]]
name = "alexandria_evm"
version = "0.8.0"
dependencies = [
 "alexandria_bytes",
 "alexandria_math",
 "snforge_std",
]

[[package]]
name = "alexandria_json"
version = "0.8.0"
dependencies = [
 "alexandria_macros",
 "alexandria_math",
 "snforge_std",
]

[[package]]
name = "alexandria_linalg"
version = "0.8.0"
dependencies = [
 "alexandria_math",
 "snforge_std",
]

[[package]]
name = "alexandria_macros"
version = "0.8.0"

[[package]]
name = "alexandria_math"
version = "0.8.0"
dependencies = [
 "snforge_std",
]

[[package]]
name = "alexandria_merkle_tree"
version = "0.8.0"
dependencies = [
 "alexandria_math",
 "snforge_std",
]

[[package]]
name = "alexandria_numeric"
version = "0.8.0"
dependencies = [
 "alexandria_math",
 "alexandria_searching",
 "snforge_std",
]

[[package]]
name = "alexandria_searching"
version = "0.8.0"
dependencies = [
 "alexandria_data_structures",
 "snforge_std",
]

[[package]]
name = "alexandria_sorting"
version = "0.8.0"
dependencies = [
 "alexandria_data_structures",
 "snforge_std",
]

[[package]]
name = "alexandria_storage"
version = "0.8.0"
dependencies = [
 "snforge_std",
]

[[package]]
name = "alexandria_utils"
version = "0.8.0"
dependencies = [
 "snforge_std",
]

[[package]]
name = "macros_tests"
version = "0.1.0"
dependencies = [
 "alexandria_macros",
 "alexandria_math",
 "snforge_std",
]

[[package]]
name = "snforge_scarb_plugin"
version = "0.51.2"
source = "registry+https://scarbs.xyz/"
checksum = "sha256:7b94edb0a94b93915200275076c29ef8266f4b870ffda04360cf36bc3b5e67cc"

[[package]]
name = "snforge_std"
version = "0.51.2"
source = "registry+https://scarbs.xyz/"
checksum = "sha256:d7287b7e9c826ee560788a7a9b808a2a0454977ac4111bd3c1bcb3c7c5f01040"
dependencies = [
 "snforge_scarb_plugin",
]
