# Code generated by scarb DO NOT EDIT.
version = 1

[[package]]
name = "alexandria_ascii"
version = "0.6.1"
dependencies = [
 "alexandria_data_structures",
 "snforge_std",
]

[[package]]
name = "alexandria_btc"
version = "0.6.1"
dependencies = [
 "alexandria_bytes",
 "alexandria_data_structures",
 "alexandria_encoding",
 "alexandria_math",
 "snforge_std",
]

[[package]]
name = "alexandria_bytes"
version = "0.6.1"
dependencies = [
 "alexandria_data_structures",
 "alexandria_math",
 "snforge_std",
]

[[package]]
name = "alexandria_data_structures"
version = "0.6.1"
dependencies = [
 "snforge_std",
]

[[package]]
name = "alexandria_encoding"
version = "0.6.1"
dependencies = [
 "alexandria_bytes",
 "alexandria_data_structures",
 "alexandria_math",
 "alexandria_numeric",
 "snforge_std",
]

[[package]]
name = "alexandria_evm"
version = "0.6.1"
dependencies = [
 "alexandria_bytes",
 "alexandria_math",
 "snforge_std",
]

[[package]]
name = "alexandria_json"
version = "0.6.1"
dependencies = [
 "alexandria_macros",
 "alexandria_math",
 "snforge_std",
]

[[package]]
name = "alexandria_linalg"
version = "0.6.1"
dependencies = [
 "alexandria_math",
 "snforge_std",
]

[[package]]
name = "alexandria_macros"
version = "0.6.1"

[[package]]
name = "alexandria_math"
version = "0.6.1"
dependencies = [
 "snforge_std",
]

[[package]]
name = "alexandria_merkle_tree"
version = "0.6.1"
dependencies = [
 "alexandria_math",
 "snforge_std",
]

[[package]]
name = "alexandria_numeric"
version = "0.6.1"
dependencies = [
 "alexandria_math",
 "alexandria_searching",
 "snforge_std",
]

[[package]]
name = "alexandria_searching"
version = "0.6.1"
dependencies = [
 "alexandria_data_structures",
 "snforge_std",
]

[[package]]
name = "alexandria_sorting"
version = "0.6.1"
dependencies = [
 "alexandria_data_structures",
 "snforge_std",
]

[[package]]
name = "alexandria_storage"
version = "0.6.1"
dependencies = [
 "snforge_std",
]

[[package]]
name = "alexandria_utils"
version = "0.6.1"
dependencies = [
 "snforge_std",
]

[[package]]
name = "macros_tests"
version = "0.1.0"
dependencies = [
 "alexandria_macros",
 "alexandria_math",
 "snforge_std",
]

[[package]]
name = "snforge_scarb_plugin"
version = "0.49.0"
source = "git+https://github.com/foundry-rs/starknet-foundry?tag=v0.49.0#ddaa0a0cb1946b31de619d2343a44636bc50e945"

[[package]]
name = "snforge_std"
version = "0.49.0"
source = "git+https://github.com/foundry-rs/starknet-foundry?tag=v0.49.0#ddaa0a0cb1946b31de619d2343a44636bc50e945"
dependencies = [
 "snforge_scarb_plugin",
]
